
Microsoft Visual Studio Solution File, Format Version 12.00
# Visual Studio Version 17
VisualStudioVersion = 17.8.34408.163
MinimumVisualStudioVersion = 10.0.40219.1
Project("{9A19103F-16F7-4668-BE54-9A1E7A4F7556}") = "Feedbacker 2.0", "Feedbacker 2.0\Feedbacker 2.0.csproj", "{3C667F60-7E09-43F4-9621-9DCB85E03AF4}"
EndProject
Project("{54435603-DBB4-11D2-8724-00A0C9A8B90C}") = "Setup1", "Setup1\Setup1.vdproj", "{5A0F4856-3225-4560-8610-741494071D05}"
EndProject
Global
	GlobalSection(SolutionConfigurationPlatforms) = preSolution
		Debug|Any CPU = Debug|Any CPU
		Release|Any CPU = Release|Any CPU
	EndGlobalSection
	GlobalSection(ProjectConfigurationPlatforms) = postSolution
		{3C667F60-7E09-43F4-9621-9DCB85E03AF4}.Debug|Any CPU.ActiveCfg = Debug|Any CPU
		{3C667F60-7E09-43F4-9621-9DCB85E03AF4}.Debug|Any CPU.Build.0 = Debug|Any CPU
		{3C667F60-7E09-43F4-9621-9DCB85E03AF4}.Release|Any CPU.ActiveCfg = Release|Any CPU
		{3C667F60-7E09-43F4-9621-9DCB85E03AF4}.Release|Any CPU.Build.0 = Release|Any CPU
		{5A0F4856-3225-4560-8610-741494071D05}.Debug|Any CPU.ActiveCfg = Debug
		{5A0F4856-3225-4560-8610-741494071D05}.Release|Any CPU.ActiveCfg = Release
	EndGlobalSection
	GlobalSection(SolutionProperties) = preSolution
		HideSolutionNode = FALSE
	EndGlobalSection
	GlobalSection(ExtensibilityGlobals) = postSolution
		SolutionGuid = {1A598C11-1746-476A-8C0C-A9ED1C0127A7}
	EndGlobalSection
	GlobalSection(SolutionConfigurationPlatforms) = preSolution
		Debug|Any CPU = Debug|Any CPU
		Release|Any CPU = Release|Any CPU
	EndGlobalSection
EndGlobal
